// !$*UTF8*$!
{
	archiveVersion = 1;
	classes = {
	};
	objectVersion = 46;
	objects = {

/* Begin PBXBuildFile section */
		6C54B0596C49FC09A42AE085 /* libPods-BloQueryTests.a in Frameworks */ = {isa = PBXBuildFile; fileRef = 6D4227AA14D18D3BBA0E9218 /* libPods-BloQueryTests.a */; };
		AB215A7A1D451E87000722B1 /* main.m in Sources */ = {isa = PBXBuildFile; fileRef = AB215A791D451E87000722B1 /* main.m */; };
		AB215A7D1D451E87000722B1 /* AppDelegate.m in Sources */ = {isa = PBXBuildFile; fileRef = AB215A7C1D451E87000722B1 /* AppDelegate.m */; };
		AB215A831D451E87000722B1 /* Main.storyboard in Resources */ = {isa = PBXBuildFile; fileRef = AB215A811D451E87000722B1 /* Main.storyboard */; };
		AB215A851D451E87000722B1 /* Assets.xcassets in Resources */ = {isa = PBXBuildFile; fileRef = AB215A841D451E87000722B1 /* Assets.xcassets */; };
		AB215A881D451E87000722B1 /* LaunchScreen.storyboard in Resources */ = {isa = PBXBuildFile; fileRef = AB215A861D451E87000722B1 /* LaunchScreen.storyboard */; };
		AB215A931D451E87000722B1 /* BloQueryTests.m in Sources */ = {isa = PBXBuildFile; fileRef = AB215A921D451E87000722B1 /* BloQueryTests.m */; };
		AB215A9E1D4527E0000722B1 /* GoogleService-Info.plist in Resources */ = {isa = PBXBuildFile; fileRef = AB215A9D1D4527E0000722B1 /* GoogleService-Info.plist */; };
		AB215AA31D4856F8000722B1 /* QuestionsTableViewController.m in Sources */ = {isa = PBXBuildFile; fileRef = AB215AA21D4856F8000722B1 /* QuestionsTableViewController.m */; };
		AB215AA61D4857D0000722B1 /* LoginViewController.m in Sources */ = {isa = PBXBuildFile; fileRef = AB215AA51D4857D0000722B1 /* LoginViewController.m */; };
		AB215AAB1D4997F6000722B1 /* User.m in Sources */ = {isa = PBXBuildFile; fileRef = AB215AAA1D4997F6000722B1 /* User.m */; };
		AB215AB01D4FFAA6000722B1 /* QuestionCell.m in Sources */ = {isa = PBXBuildFile; fileRef = AB215AAF1D4FFAA6000722B1 /* QuestionCell.m */; };
		B7206CBE07CA20E86B25A2E0 /* libPods-BloQuery.a in Frameworks */ = {isa = PBXBuildFile; fileRef = 1B6D13C0DEAAEF55EB9F68BD /* libPods-BloQuery.a */; };
/* End PBXBuildFile section */

/* Begin PBXContainerItemProxy section */
		AB215A8F1D451E87000722B1 /* PBXContainerItemProxy */ = {
			isa = PBXContainerItemProxy;
			containerPortal = AB215A6D1D451E87000722B1 /* Project object */;
			proxyType = 1;
			remoteGlobalIDString = AB215A741D451E87000722B1;
			remoteInfo = BloQuery;
		};
/* End PBXContainerItemProxy section */

/* Begin PBXFileReference section */
		164632C697072C7447C81C75 /* Pods-BloQueryTests.release.xcconfig */ = {isa = PBXFileReference; includeInIndex = 1; lastKnownFileType = text.xcconfig; name = "Pods-BloQueryTests.release.xcconfig"; path = "Pods/Target Support Files/Pods-BloQueryTests/Pods-BloQueryTests.release.xcconfig"; sourceTree = "<group>"; };
		1B6D13C0DEAAEF55EB9F68BD /* libPods-BloQuery.a */ = {isa = PBXFileReference; explicitFileType = archive.ar; includeInIndex = 0; path = "libPods-BloQuery.a"; sourceTree = BUILT_PRODUCTS_DIR; };
		3AF2868F3F5D5766599BC5AB /* Pods-BloQueryTests.debug.xcconfig */ = {isa = PBXFileReference; includeInIndex = 1; lastKnownFileType = text.xcconfig; name = "Pods-BloQueryTests.debug.xcconfig"; path = "Pods/Target Support Files/Pods-BloQueryTests/Pods-BloQueryTests.debug.xcconfig"; sourceTree = "<group>"; };
		6D4227AA14D18D3BBA0E9218 /* libPods-BloQueryTests.a */ = {isa = PBXFileReference; explicitFileType = archive.ar; includeInIndex = 0; path = "libPods-BloQueryTests.a"; sourceTree = BUILT_PRODUCTS_DIR; };
		96050510B984B5008D149C5A /* Pods-BloQuery.release.xcconfig */ = {isa = PBXFileReference; includeInIndex = 1; lastKnownFileType = text.xcconfig; name = "Pods-BloQuery.release.xcconfig"; path = "Pods/Target Support Files/Pods-BloQuery/Pods-BloQuery.release.xcconfig"; sourceTree = "<group>"; };
		AB215A751D451E87000722B1 /* BloQuery.app */ = {isa = PBXFileReference; explicitFileType = wrapper.application; includeInIndex = 0; path = BloQuery.app; sourceTree = BUILT_PRODUCTS_DIR; };
		AB215A791D451E87000722B1 /* main.m */ = {isa = PBXFileReference; lastKnownFileType = sourcecode.c.objc; path = main.m; sourceTree = "<group>"; };
		AB215A7B1D451E87000722B1 /* AppDelegate.h */ = {isa = PBXFileReference; lastKnownFileType = sourcecode.c.h; path = AppDelegate.h; sourceTree = "<group>"; };
		AB215A7C1D451E87000722B1 /* AppDelegate.m */ = {isa = PBXFileReference; lastKnownFileType = sourcecode.c.objc; path = AppDelegate.m; sourceTree = "<group>"; };
		AB215A821D451E87000722B1 /* Base */ = {isa = PBXFileReference; lastKnownFileType = file.storyboard; name = Base; path = Base.lproj/Main.storyboard; sourceTree = "<group>"; };
		AB215A841D451E87000722B1 /* Assets.xcassets */ = {isa = PBXFileReference; lastKnownFileType = folder.assetcatalog; path = Assets.xcassets; sourceTree = "<group>"; };
		AB215A871D451E87000722B1 /* Base */ = {isa = PBXFileReference; lastKnownFileType = file.storyboard; name = Base; path = Base.lproj/LaunchScreen.storyboard; sourceTree = "<group>"; };
		AB215A891D451E87000722B1 /* Info.plist */ = {isa = PBXFileReference; lastKnownFileType = text.plist.xml; path = Info.plist; sourceTree = "<group>"; };
		AB215A8E1D451E87000722B1 /* BloQueryTests.xctest */ = {isa = PBXFileReference; explicitFileType = wrapper.cfbundle; includeInIndex = 0; path = BloQueryTests.xctest; sourceTree = BUILT_PRODUCTS_DIR; };
		AB215A921D451E87000722B1 /* BloQueryTests.m */ = {isa = PBXFileReference; lastKnownFileType = sourcecode.c.objc; path = BloQueryTests.m; sourceTree = "<group>"; };
		AB215A941D451E87000722B1 /* Info.plist */ = {isa = PBXFileReference; lastKnownFileType = text.plist.xml; path = Info.plist; sourceTree = "<group>"; };
		AB215A9D1D4527E0000722B1 /* GoogleService-Info.plist */ = {isa = PBXFileReference; fileEncoding = 4; lastKnownFileType = text.plist.xml; path = "GoogleService-Info.plist"; sourceTree = "<group>"; };
		AB215AA11D4856F8000722B1 /* QuestionsTableViewController.h */ = {isa = PBXFileReference; fileEncoding = 4; lastKnownFileType = sourcecode.c.h; path = QuestionsTableViewController.h; sourceTree = "<group>"; };
		AB215AA21D4856F8000722B1 /* QuestionsTableViewController.m */ = {isa = PBXFileReference; fileEncoding = 4; lastKnownFileType = sourcecode.c.objc; path = QuestionsTableViewController.m; sourceTree = "<group>"; };
		AB215AA41D4857D0000722B1 /* LoginViewController.h */ = {isa = PBXFileReference; fileEncoding = 4; lastKnownFileType = sourcecode.c.h; path = LoginViewController.h; sourceTree = "<group>"; };
		AB215AA51D4857D0000722B1 /* LoginViewController.m */ = {isa = PBXFileReference; fileEncoding = 4; lastKnownFileType = sourcecode.c.objc; path = LoginViewController.m; sourceTree = "<group>"; };
		AB215AA91D4997F6000722B1 /* User.h */ = {isa = PBXFileReference; fileEncoding = 4; lastKnownFileType = sourcecode.c.h; path = User.h; sourceTree = "<group>"; };
		AB215AAA1D4997F6000722B1 /* User.m */ = {isa = PBXFileReference; fileEncoding = 4; lastKnownFileType = sourcecode.c.objc; path = User.m; sourceTree = "<group>"; };
		AB215AAE1D4FFAA6000722B1 /* QuestionCell.h */ = {isa = PBXFileReference; fileEncoding = 4; lastKnownFileType = sourcecode.c.h; path = QuestionCell.h; sourceTree = "<group>"; };
		AB215AAF1D4FFAA6000722B1 /* QuestionCell.m */ = {isa = PBXFileReference; fileEncoding = 4; lastKnownFileType = sourcecode.c.objc; path = QuestionCell.m; sourceTree = "<group>"; };
		E8EBE9F2A435214FD0CBE508 /* Pods-BloQuery.debug.xcconfig */ = {isa = PBXFileReference; includeInIndex = 1; lastKnownFileType = text.xcconfig; name = "Pods-BloQuery.debug.xcconfig"; path = "Pods/Target Support Files/Pods-BloQuery/Pods-BloQuery.debug.xcconfig"; sourceTree = "<group>"; };
/* End PBXFileReference section */

/* Begin PBXFrameworksBuildPhase section */
		AB215A721D451E87000722B1 /* Frameworks */ = {
			isa = PBXFrameworksBuildPhase;
			buildActionMask = 2147483647;
			files = (
				B7206CBE07CA20E86B25A2E0 /* libPods-BloQuery.a in Frameworks */,
			);
			runOnlyForDeploymentPostprocessing = 0;
		};
		AB215A8B1D451E87000722B1 /* Frameworks */ = {
			isa = PBXFrameworksBuildPhase;
			buildActionMask = 2147483647;
			files = (
				6C54B0596C49FC09A42AE085 /* libPods-BloQueryTests.a in Frameworks */,
			);
			runOnlyForDeploymentPostprocessing = 0;
		};
/* End PBXFrameworksBuildPhase section */

/* Begin PBXGroup section */
		7AF4E20AD03E4023A607A21D /* Frameworks */ = {
			isa = PBXGroup;
			children = (
				1B6D13C0DEAAEF55EB9F68BD /* libPods-BloQuery.a */,
				6D4227AA14D18D3BBA0E9218 /* libPods-BloQueryTests.a */,
			);
			name = Frameworks;
			sourceTree = "<group>";
		};
		AB215A6C1D451E87000722B1 = {
			isa = PBXGroup;
			children = (
				AB215A771D451E87000722B1 /* BloQuery */,
				AB215A911D451E87000722B1 /* BloQueryTests */,
				AB215A761D451E87000722B1 /* Products */,
				FD1CB3DA803A431D62C5182E /* Pods */,
				7AF4E20AD03E4023A607A21D /* Frameworks */,
			);
			sourceTree = "<group>";
		};
		AB215A761D451E87000722B1 /* Products */ = {
			isa = PBXGroup;
			children = (
				AB215A751D451E87000722B1 /* BloQuery.app */,
				AB215A8E1D451E87000722B1 /* BloQueryTests.xctest */,
			);
			name = Products;
			sourceTree = "<group>";
		};
		AB215A771D451E87000722B1 /* BloQuery */ = {
			isa = PBXGroup;
			children = (
				AB215AA81D491A00000722B1 /* Model */,
				AB215AA71D4919D2000722B1 /* Controller */,
				AB215A7B1D451E87000722B1 /* AppDelegate.h */,
				AB215A7C1D451E87000722B1 /* AppDelegate.m */,
				AB215A811D451E87000722B1 /* Main.storyboard */,
				AB215A841D451E87000722B1 /* Assets.xcassets */,
				AB215A861D451E87000722B1 /* LaunchScreen.storyboard */,
				AB215A891D451E87000722B1 /* Info.plist */,
				AB215A9D1D4527E0000722B1 /* GoogleService-Info.plist */,
				AB215A781D451E87000722B1 /* Supporting Files */,
			);
			path = BloQuery;
			sourceTree = "<group>";
		};
		AB215A781D451E87000722B1 /* Supporting Files */ = {
			isa = PBXGroup;
			children = (
				AB215A791D451E87000722B1 /* main.m */,
			);
			name = "Supporting Files";
			sourceTree = "<group>";
		};
		AB215A911D451E87000722B1 /* BloQueryTests */ = {
			isa = PBXGroup;
			children = (
				AB215A921D451E87000722B1 /* BloQueryTests.m */,
				AB215A941D451E87000722B1 /* Info.plist */,
			);
			path = BloQueryTests;
			sourceTree = "<group>";
		};
		AB215AA71D4919D2000722B1 /* Controller */ = {
			isa = PBXGroup;
			children = (
				AB215AA11D4856F8000722B1 /* QuestionsTableViewController.h */,
				AB215AA21D4856F8000722B1 /* QuestionsTableViewController.m */,
				AB215AA41D4857D0000722B1 /* LoginViewController.h */,
				AB215AA51D4857D0000722B1 /* LoginViewController.m */,
				AB215AAE1D4FFAA6000722B1 /* QuestionCell.h */,
				AB215AAF1D4FFAA6000722B1 /* QuestionCell.m */,
			);
			name = Controller;
			sourceTree = "<group>";
		};
		AB215AA81D491A00000722B1 /* Model */ = {
			isa = PBXGroup;
			children = (
				AB215AA91D4997F6000722B1 /* User.h */,
				AB215AAA1D4997F6000722B1 /* User.m */,
			);
			name = Model;
			sourceTree = "<group>";
		};
		FD1CB3DA803A431D62C5182E /* Pods */ = {
			isa = PBXGroup;
			children = (
				E8EBE9F2A435214FD0CBE508 /* Pods-BloQuery.debug.xcconfig */,
				96050510B984B5008D149C5A /* Pods-BloQuery.release.xcconfig */,
				3AF2868F3F5D5766599BC5AB /* Pods-BloQueryTests.debug.xcconfig */,
				164632C697072C7447C81C75 /* Pods-BloQueryTests.release.xcconfig */,
			);
			name = Pods;
			sourceTree = "<group>";
		};
/* End PBXGroup section */

/* Begin PBXNativeTarget section */
		AB215A741D451E87000722B1 /* BloQuery */ = {
			isa = PBXNativeTarget;
			buildConfigurationList = AB215A971D451E87000722B1 /* Build configuration list for PBXNativeTarget "BloQuery" */;
			buildPhases = (
				E0F15B6D78571DE0887D3147 /* [CP] Check Pods Manifest.lock */,
				AB215A711D451E87000722B1 /* Sources */,
				AB215A721D451E87000722B1 /* Frameworks */,
				AB215A731D451E87000722B1 /* Resources */,
				B4DF998F00704D4908BE1C93 /* [CP] Embed Pods Frameworks */,
				E95F6858291628374536DA47 /* [CP] Copy Pods Resources */,
			);
			buildRules = (
			);
			dependencies = (
			);
			name = BloQuery;
			productName = BloQuery;
			productReference = AB215A751D451E87000722B1 /* BloQuery.app */;
			productType = "com.apple.product-type.application";
		};
		AB215A8D1D451E87000722B1 /* BloQueryTests */ = {
			isa = PBXNativeTarget;
			buildConfigurationList = AB215A9A1D451E87000722B1 /* Build configuration list for PBXNativeTarget "BloQueryTests" */;
			buildPhases = (
				2D2B4F9C6556FB48C381C5BF /* [CP] Check Pods Manifest.lock */,
				AB215A8A1D451E87000722B1 /* Sources */,
				AB215A8B1D451E87000722B1 /* Frameworks */,
				AB215A8C1D451E87000722B1 /* Resources */,
				247314A763A55464A8436E85 /* [CP] Embed Pods Frameworks */,
				1E339B819247D1FB04B257D1 /* [CP] Copy Pods Resources */,
			);
			buildRules = (
			);
			dependencies = (
				AB215A901D451E87000722B1 /* PBXTargetDependency */,
			);
			name = BloQueryTests;
			productName = BloQueryTests;
			productReference = AB215A8E1D451E87000722B1 /* BloQueryTests.xctest */;
			productType = "com.apple.product-type.bundle.unit-test";
		};
/* End PBXNativeTarget section */

/* Begin PBXProject section */
		AB215A6D1D451E87000722B1 /* Project object */ = {
			isa = PBXProject;
			attributes = {
				LastUpgradeCheck = 0730;
				ORGANIZATIONNAME = Bloc;
				TargetAttributes = {
					AB215A741D451E87000722B1 = {
						CreatedOnToolsVersion = 7.3.1;
					};
					AB215A8D1D451E87000722B1 = {
						CreatedOnToolsVersion = 7.3.1;
						TestTargetID = AB215A741D451E87000722B1;
					};
				};
			};
			buildConfigurationList = AB215A701D451E87000722B1 /* Build configuration list for PBXProject "BloQuery" */;
			compatibilityVersion = "Xcode 3.2";
			developmentRegion = English;
			hasScannedForEncodings = 0;
			knownRegions = (
				en,
				Base,
			);
			mainGroup = AB215A6C1D451E87000722B1;
			productRefGroup = AB215A761D451E87000722B1 /* Products */;
			projectDirPath = "";
			projectRoot = "";
			targets = (
				AB215A741D451E87000722B1 /* BloQuery */,
				AB215A8D1D451E87000722B1 /* BloQueryTests */,
			);
		};
/* End PBXProject section */

/* Begin PBXResourcesBuildPhase section */
		AB215A731D451E87000722B1 /* Resources */ = {
			isa = PBXResourcesBuildPhase;
			buildActionMask = 2147483647;
			files = (
				AB215A881D451E87000722B1 /* LaunchScreen.storyboard in Resources */,
				AB215A9E1D4527E0000722B1 /* GoogleService-Info.plist in Resources */,
				AB215A851D451E87000722B1 /* Assets.xcassets in Resources */,
				AB215A831D451E87000722B1 /* Main.storyboard in Resources */,
			);
			runOnlyForDeploymentPostprocessing = 0;
		};
		AB215A8C1D451E87000722B1 /* Resources */ = {
			isa = PBXResourcesBuildPhase;
			buildActionMask = 2147483647;
			files = (
			);
			runOnlyForDeploymentPostprocessing = 0;
		};
/* End PBXResourcesBuildPhase section */

/* Begin PBXShellScriptBuildPhase section */
		1E339B819247D1FB04B257D1 /* [CP] Copy Pods Resources */ = {
			isa = PBXShellScriptBuildPhase;
			buildActionMask = 2147483647;
			files = (
			);
			inputPaths = (
			);
			name = "[CP] Copy Pods Resources";
			outputPaths = (
			);
			runOnlyForDeploymentPostprocessing = 0;
			shellPath = /bin/sh;
			shellScript = "\"${SRCROOT}/Pods/Target Support Files/Pods-BloQueryTests/Pods-BloQueryTests-resources.sh\"\n";
			showEnvVarsInLog = 0;
		};
		247314A763A55464A8436E85 /* [CP] Embed Pods Frameworks */ = {
			isa = PBXShellScriptBuildPhase;
			buildActionMask = 2147483647;
			files = (
			);
			inputPaths = (
			);
			name = "[CP] Embed Pods Frameworks";
			outputPaths = (
			);
			runOnlyForDeploymentPostprocessing = 0;
			shellPath = /bin/sh;
			shellScript = "\"${SRCROOT}/Pods/Target Support Files/Pods-BloQueryTests/Pods-BloQueryTests-frameworks.sh\"\n";
			showEnvVarsInLog = 0;
		};
		2D2B4F9C6556FB48C381C5BF /* [CP] Check Pods Manifest.lock */ = {
			isa = PBXShellScriptBuildPhase;
			buildActionMask = 2147483647;
			files = (
			);
			inputPaths = (
			);
			name = "[CP] Check Pods Manifest.lock";
			outputPaths = (
			);
			runOnlyForDeploymentPostprocessing = 0;
			shellPath = /bin/sh;
			shellScript = "diff \"${PODS_ROOT}/../Podfile.lock\" \"${PODS_ROOT}/Manifest.lock\" > /dev/null\nif [[ $? != 0 ]] ; then\n    cat << EOM\nerror: The sandbox is not in sync with the Podfile.lock. Run 'pod install' or update your CocoaPods installation.\nEOM\n    exit 1\nfi\n";
			showEnvVarsInLog = 0;
		};
		B4DF998F00704D4908BE1C93 /* [CP] Embed Pods Frameworks */ = {
			isa = PBXShellScriptBuildPhase;
			buildActionMask = 2147483647;
			files = (
			);
			inputPaths = (
			);
			name = "[CP] Embed Pods Frameworks";
			outputPaths = (
			);
			runOnlyForDeploymentPostprocessing = 0;
			shellPath = /bin/sh;
			shellScript = "\"${SRCROOT}/Pods/Target Support Files/Pods-BloQuery/Pods-BloQuery-frameworks.sh\"\n";
			showEnvVarsInLog = 0;
		};
		E0F15B6D78571DE0887D3147 /* [CP] Check Pods Manifest.lock */ = {
			isa = PBXShellScriptBuildPhase;
			buildActionMask = 2147483647;
			files = (
			);
			inputPaths = (
			);
			name = "[CP] Check Pods Manifest.lock";
			outputPaths = (
			);
			runOnlyForDeploymentPostprocessing = 0;
			shellPath = /bin/sh;
			shellScript = "diff \"${PODS_ROOT}/../Podfile.lock\" \"${PODS_ROOT}/Manifest.lock\" > /dev/null\nif [[ $? != 0 ]] ; then\n    cat << EOM\nerror: The sandbox is not in sync with the Podfile.lock. Run 'pod install' or update your CocoaPods installation.\nEOM\n    exit 1\nfi\n";
			showEnvVarsInLog = 0;
		};
		E95F6858291628374536DA47 /* [CP] Copy Pods Resources */ = {
			isa = PBXShellScriptBuildPhase;
			buildActionMask = 2147483647;
			files = (
			);
			inputPaths = (
			);
			name = "[CP] Copy Pods Resources";
			outputPaths = (
			);
			runOnlyForDeploymentPostprocessing = 0;
			shellPath = /bin/sh;
			shellScript = "\"${SRCROOT}/Pods/Target Support Files/Pods-BloQuery/Pods-BloQuery-resources.sh\"\n";
			showEnvVarsInLog = 0;
		};
/* End PBXShellScriptBuildPhase section */

/* Begin PBXSourcesBuildPhase section */
		AB215A711D451E87000722B1 /* Sources */ = {
			isa = PBXSourcesBuildPhase;
			buildActionMask = 2147483647;
			files = (
				AB215AAB1D4997F6000722B1 /* User.m in Sources */,
				AB215AA61D4857D0000722B1 /* LoginViewController.m in Sources */,
				AB215AA31D4856F8000722B1 /* QuestionsTableViewController.m in Sources */,
				AB215A7D1D451E87000722B1 /* AppDelegate.m in Sources */,
				AB215A7A1D451E87000722B1 /* main.m in Sources */,
				AB215AB01D4FFAA6000722B1 /* QuestionCell.m in Sources */,
			);
			runOnlyForDeploymentPostprocessing = 0;
		};
		AB215A8A1D451E87000722B1 /* Sources */ = {
			isa = PBXSourcesBuildPhase;
			buildActionMask = 2147483647;
			files = (
				AB215A931D451E87000722B1 /* BloQueryTests.m in Sources */,
			);
			runOnlyForDeploymentPostprocessing = 0;
		};
/* End PBXSourcesBuildPhase section */

/* Begin PBXTargetDependency section */
		AB215A901D451E87000722B1 /* PBXTargetDependency */ = {
			isa = PBXTargetDependency;
			target = AB215A741D451E87000722B1 /* BloQuery */;
			targetProxy = AB215A8F1D451E87000722B1 /* PBXContainerItemProxy */;
		};
/* End PBXTargetDependency section */

/* Begin PBXVariantGroup section */
		AB215A811D451E87000722B1 /* Main.storyboard */ = {
			isa = PBXVariantGroup;
			children = (
				AB215A821D451E87000722B1 /* Base */,
			);
			name = Main.storyboard;
			sourceTree = "<group>";
		};
		AB215A861D451E87000722B1 /* LaunchScreen.storyboard */ = {
			isa = PBXVariantGroup;
			children = (
				AB215A871D451E87000722B1 /* Base */,
			);
			name = LaunchScreen.storyboard;
			sourceTree = "<group>";
		};
/* End PBXVariantGroup section */

/* Begin XCBuildConfiguration section */
		AB215A951D451E87000722B1 /* Debug */ = {
			isa = XCBuildConfiguration;
			buildSettings = {
				ALWAYS_SEARCH_USER_PATHS = NO;
				CLANG_ANALYZER_NONNULL = YES;
				CLANG_CXX_LANGUAGE_STANDARD = "gnu++0x";
				CLANG_CXX_LIBRARY = "libc++";
				CLANG_ENABLE_MODULES = YES;
				CLANG_ENABLE_OBJC_ARC = YES;
				CLANG_WARN_BOOL_CONVERSION = YES;
				CLANG_WARN_CONSTANT_CONVERSION = YES;
				CLANG_WARN_DIRECT_OBJC_ISA_USAGE = YES_ERROR;
				CLANG_WARN_EMPTY_BODY = YES;
				CLANG_WARN_ENUM_CONVERSION = YES;
				CLANG_WARN_INT_CONVERSION = YES;
				CLANG_WARN_OBJC_ROOT_CLASS = YES_ERROR;
				CLANG_WARN_UNREACHABLE_CODE = YES;
				CLANG_WARN__DUPLICATE_METHOD_MATCH = YES;
				"CODE_SIGN_IDENTITY[sdk=iphoneos*]" = "iPhone Developer";
				COPY_PHASE_STRIP = NO;
				DEBUG_INFORMATION_FORMAT = dwarf;
				ENABLE_STRICT_OBJC_MSGSEND = YES;
				ENABLE_TESTABILITY = YES;
				GCC_C_LANGUAGE_STANDARD = gnu99;
				GCC_DYNAMIC_NO_PIC = NO;
				GCC_NO_COMMON_BLOCKS = YES;
				GCC_OPTIMIZATION_LEVEL = 0;
				GCC_PREPROCESSOR_DEFINITIONS = (
					"DEBUG=1",
					"$(inherited)",
				);
				GCC_WARN_64_TO_32_BIT_CONVERSION = YES;
				GCC_WARN_ABOUT_RETURN_TYPE = YES_ERROR;
				GCC_WARN_UNDECLARED_SELECTOR = YES;
				GCC_WARN_UNINITIALIZED_AUTOS = YES_AGGRESSIVE;
				GCC_WARN_UNUSED_FUNCTION = YES;
				GCC_WARN_UNUSED_VARIABLE = YES;
				IPHONEOS_DEPLOYMENT_TARGET = 9.3;
				MTL_ENABLE_DEBUG_INFO = YES;
				ONLY_ACTIVE_ARCH = YES;
				SDKROOT = iphoneos;
			};
			name = Debug;
		};
		AB215A961D451E87000722B1 /* Release */ = {
			isa = XCBuildConfiguration;
			buildSettings = {
				ALWAYS_SEARCH_USER_PATHS = NO;
				CLANG_ANALYZER_NONNULL = YES;
				CLANG_CXX_LANGUAGE_STANDARD = "gnu++0x";
				CLANG_CXX_LIBRARY = "libc++";
				CLANG_ENABLE_MODULES = YES;
				CLANG_ENABLE_OBJC_ARC = YES;
				CLANG_WARN_BOOL_CONVERSION = YES;
				CLANG_WARN_CONSTANT_CONVERSION = YES;
				CLANG_WARN_DIRECT_OBJC_ISA_USAGE = YES_ERROR;
				CLANG_WARN_EMPTY_BODY = YES;
				CLANG_WARN_ENUM_CONVERSION = YES;
				CLANG_WARN_INT_CONVERSION = YES;
				CLANG_WARN_OBJC_ROOT_CLASS = YES_ERROR;
				CLANG_WARN_UNREACHABLE_CODE = YES;
				CLANG_WARN__DUPLICATE_METHOD_MATCH = YES;
				"CODE_SIGN_IDENTITY[sdk=iphoneos*]" = "iPhone Developer";
				COPY_PHASE_STRIP = NO;
				DEBUG_INFORMATION_FORMAT = "dwarf-with-dsym";
				ENABLE_NS_ASSERTIONS = NO;
				ENABLE_STRICT_OBJC_MSGSEND = YES;
				GCC_C_LANGUAGE_STANDARD = gnu99;
				GCC_NO_COMMON_BLOCKS = YES;
				GCC_WARN_64_TO_32_BIT_CONVERSION = YES;
				GCC_WARN_ABOUT_RETURN_TYPE = YES_ERROR;
				GCC_WARN_UNDECLARED_SELECTOR = YES;
				GCC_WARN_UNINITIALIZED_AUTOS = YES_AGGRESSIVE;
				GCC_WARN_UNUSED_FUNCTION = YES;
				GCC_WARN_UNUSED_VARIABLE = YES;
				IPHONEOS_DEPLOYMENT_TARGET = 9.3;
				MTL_ENABLE_DEBUG_INFO = NO;
				SDKROOT = iphoneos;
				VALIDATE_PRODUCT = YES;
			};
			name = Release;
		};
		AB215A981D451E87000722B1 /* Debug */ = {
			isa = XCBuildConfiguration;
			baseConfigurationReference = E8EBE9F2A435214FD0CBE508 /* Pods-BloQuery.debug.xcconfig */;
			buildSettings = {
				ASSETCATALOG_COMPILER_APPICON_NAME = AppIcon;
				INFOPLIST_FILE = BloQuery/Info.plist;
				LD_RUNPATH_SEARCH_PATHS = "$(inherited) @executable_path/Frameworks";
				PRODUCT_BUNDLE_IDENTIFIER = com.jahedstrom.BloQuery;
				PRODUCT_NAME = "$(TARGET_NAME)";
			};
			name = Debug;
		};
		AB215A991D451E87000722B1 /* Release */ = {
			isa = XCBuildConfiguration;
			baseConfigurationReference = 96050510B984B5008D149C5A /* Pods-BloQuery.release.xcconfig */;
			buildSettings = {
				ASSETCATALOG_COMPILER_APPICON_NAME = AppIcon;
				INFOPLIST_FILE = BloQuery/Info.plist;
				LD_RUNPATH_SEARCH_PATHS = "$(inherited) @executable_path/Frameworks";
				PRODUCT_BUNDLE_IDENTIFIER = com.jahedstrom.BloQuery;
				PRODUCT_NAME = "$(TARGET_NAME)";
			};
			name = Release;
		};
		AB215A9B1D451E87000722B1 /* Debug */ = {
			isa = XCBuildConfiguration;
			baseConfigurationReference = 3AF2868F3F5D5766599BC5AB /* Pods-BloQueryTests.debug.xcconfig */;
			buildSettings = {
				BUNDLE_LOADER = "$(TEST_HOST)";
				INFOPLIST_FILE = BloQueryTests/Info.plist;
				LD_RUNPATH_SEARCH_PATHS = "$(inherited) @executable_path/Frameworks @loader_path/Frameworks";
				PRODUCT_BUNDLE_IDENTIFIER = com.jahedstrom.BloQueryTests;
				PRODUCT_NAME = "$(TARGET_NAME)";
				TEST_HOST = "$(BUILT_PRODUCTS_DIR)/BloQuery.app/BloQuery";
			};
			name = Debug;
		};
		AB215A9C1D451E87000722B1 /* Release */ = {
			isa = XCBuildConfiguration;
			baseConfigurationReference = 164632C697072C7447C81C75 /* Pods-BloQueryTests.release.xcconfig */;
			buildSettings = {
				BUNDLE_LOADER = "$(TEST_HOST)";
				INFOPLIST_FILE = BloQueryTests/Info.plist;
				LD_RUNPATH_SEARCH_PATHS = "$(inherited) @executable_path/Frameworks @loader_path/Frameworks";
				PRODUCT_BUNDLE_IDENTIFIER = com.jahedstrom.BloQueryTests;
				PRODUCT_NAME = "$(TARGET_NAME)";
				TEST_HOST = "$(BUILT_PRODUCTS_DIR)/BloQuery.app/BloQuery";
			};
			name = Release;
		};
/* End XCBuildConfiguration section */

/* Begin XCConfigurationList section */
		AB215A701D451E87000722B1 /* Build configuration list for PBXProject "BloQuery" */ = {
			isa = XCConfigurationList;
			buildConfigurations = (
				AB215A951D451E87000722B1 /* Debug */,
				AB215A961D451E87000722B1 /* Release */,
			);
			defaultConfigurationIsVisible = 0;
			defaultConfigurationName = Release;
		};
		AB215A971D451E87000722B1 /* Build configuration list for PBXNativeTarget "BloQuery" */ = {
			isa = XCConfigurationList;
			buildConfigurations = (
				AB215A981D451E87000722B1 /* Debug */,
				AB215A991D451E87000722B1 /* Release */,
			);
			defaultConfigurationIsVisible = 0;
			defaultConfigurationName = Release;
		};
		AB215A9A1D451E87000722B1 /* Build configuration list for PBXNativeTarget "BloQueryTests" */ = {
			isa = XCConfigurationList;
			buildConfigurations = (
				AB215A9B1D451E87000722B1 /* Debug */,
				AB215A9C1D451E87000722B1 /* Release */,
			);
			defaultConfigurationIsVisible = 0;
			defaultConfigurationName = Release;
		};
/* End XCConfigurationList section */
	};
	rootObject = AB215A6D1D451E87000722B1 /* Project object */;
}
